<Solution>
  <Project Path="NotificationSystem.Tests.Integration/NotificationSystem.Tests.Integration.csproj" />
  <Project Path="NotificationSystem.Tests.Unit/NotificationSystem.Tests.Unit.csproj" />
  <Project Path="NotificationSystem/NotificationSystem.csproj" />
  <Project Path="PostBackfillToOrcasite/PostBackfillToOrcasite.csproj" />
</Solution>
